
Microsoft Visual Studio Solution File, Format Version 12.00
# Visual Studio Version 17
VisualStudioVersion = 17.13.35806.99
MinimumVisualStudioVersion = 10.0.40219.1
Project("{FAE04EC0-301F-11D3-BF4B-00C04F79EFBC}") = "Real Time SMS App", "Real Time SMS App\Real Time SMS App.csproj", "{DE66A08C-B47B-4494-B085-F7306B8049A3}"
EndProject
Global
	GlobalSection(SolutionConfigurationPlatforms) = preSolution
		Debug|Any CPU = Debug|Any CPU
		Release|Any CPU = Release|Any CPU
	EndGlobalSection
	GlobalSection(ProjectConfigurationPlatforms) = postSolution
		{DE66A08C-B47B-4494-B085-F7306B8049A3}.Debug|Any CPU.ActiveCfg = Debug|Any CPU
		{DE66A08C-B47B-4494-B085-F7306B8049A3}.Debug|Any CPU.Build.0 = Debug|Any CPU
		{DE66A08C-B47B-4494-B085-F7306B8049A3}.Debug|Any CPU.Deploy.0 = Debug|Any CPU
		{DE66A08C-B47B-4494-B085-F7306B8049A3}.Release|Any CPU.ActiveCfg = Release|Any CPU
		{DE66A08C-B47B-4494-B085-F7306B8049A3}.Release|Any CPU.Build.0 = Release|Any CPU
	EndGlobalSection
	GlobalSection(SolutionProperties) = preSolution
		HideSolutionNode = FALSE
	EndGlobalSection
	GlobalSection(ExtensibilityGlobals) = postSolution
		SolutionGuid = {E114AD21-40EA-47E6-BDB1-E359CD8174E4}
	EndGlobalSection
EndGlobal
